
Microsoft Visual Studio Solution File, Format Version 12.00
# Visual Studio 2012
Project("{FAE04EC0-301F-11D3-BF4B-00C04F79EFBC}") = "Canister", "Canister\Canister.csproj", "{39F195AF-0329-4BAE-98D2-222313774934}"
EndProject
Project("{2150E333-8FDC-42A3-9474-1A3956D46DE8}") = "Tests", "Tests", "{38E58438-E016-46FB-B9E4-5D2B88E34957}"
EndProject
Project("{FAE04EC0-301F-11D3-BF4B-00C04F79EFBC}") = "Canister.Tests", "tests\Canister.Tests\Canister.Tests.csproj", "{B866A1DB-9FCF-47CA-A94D-5A52214AECE4}"
EndProject
Project("{2150E333-8FDC-42A3-9474-1A3956D46DE8}") = "Solution Items", "Solution Items", "{D9997417-EA85-4415-ACB2-1CE70589B0AD}"
	ProjectSection(SolutionItems) = preProject
		build.bat = build.bat
		Canister.msbuild = Canister.msbuild
		Canister.nuspec = Canister.nuspec
		Canister.ruleset = Canister.ruleset
		CommonAssemblyInfo.cs = CommonAssemblyInfo.cs
		..\LICENSE.mit.txt = ..\LICENSE.mit.txt
		nuget.config = nuget.config
		Settings.StyleCop = Settings.StyleCop
		Version.txt = Version.txt
	EndProjectSection
EndProject
Project("{2150E333-8FDC-42A3-9474-1A3956D46DE8}") = ".nuget", ".nuget", "{AD3B85ED-07B4-4690-B203-2624DD5D7181}"
	ProjectSection(SolutionItems) = preProject
		.nuget\packages.config = .nuget\packages.config
	EndProjectSection
EndProject
Project("{FAE04EC0-301F-11D3-BF4B-00C04F79EFBC}") = "Canister.Samples", "Canister.Samples\Canister.Samples.csproj", "{32C048B3-8A33-4C9A-BE1A-BA7C3510DD69}"
EndProject
Project("{FAE04EC0-301F-11D3-BF4B-00C04F79EFBC}") = "Canister.Sdk", "Canister.Sdk\Canister.Sdk.csproj", "{99A9E17E-090C-434C-B909-D0C20040FAF8}"
EndProject
Global
	GlobalSection(SolutionConfigurationPlatforms) = preSolution
		Debug|Any CPU = Debug|Any CPU
		Release|Any CPU = Release|Any CPU
	EndGlobalSection
	GlobalSection(ProjectConfigurationPlatforms) = postSolution
		{39F195AF-0329-4BAE-98D2-222313774934}.Debug|Any CPU.ActiveCfg = Debug|Any CPU
		{39F195AF-0329-4BAE-98D2-222313774934}.Debug|Any CPU.Build.0 = Debug|Any CPU
		{39F195AF-0329-4BAE-98D2-222313774934}.Release|Any CPU.ActiveCfg = Release|Any CPU
		{39F195AF-0329-4BAE-98D2-222313774934}.Release|Any CPU.Build.0 = Release|Any CPU
		{B866A1DB-9FCF-47CA-A94D-5A52214AECE4}.Debug|Any CPU.ActiveCfg = Debug|Any CPU
		{B866A1DB-9FCF-47CA-A94D-5A52214AECE4}.Debug|Any CPU.Build.0 = Debug|Any CPU
		{B866A1DB-9FCF-47CA-A94D-5A52214AECE4}.Release|Any CPU.ActiveCfg = Debug|Any CPU
		{B866A1DB-9FCF-47CA-A94D-5A52214AECE4}.Release|Any CPU.Build.0 = Debug|Any CPU
		{32C048B3-8A33-4C9A-BE1A-BA7C3510DD69}.Debug|Any CPU.ActiveCfg = Debug|Any CPU
		{32C048B3-8A33-4C9A-BE1A-BA7C3510DD69}.Debug|Any CPU.Build.0 = Debug|Any CPU
		{32C048B3-8A33-4C9A-BE1A-BA7C3510DD69}.Release|Any CPU.ActiveCfg = Debug|Any CPU
		{32C048B3-8A33-4C9A-BE1A-BA7C3510DD69}.Release|Any CPU.Build.0 = Debug|Any CPU
		{99A9E17E-090C-434C-B909-D0C20040FAF8}.Debug|Any CPU.ActiveCfg = Debug|Any CPU
		{99A9E17E-090C-434C-B909-D0C20040FAF8}.Debug|Any CPU.Build.0 = Debug|Any CPU
		{99A9E17E-090C-434C-B909-D0C20040FAF8}.Release|Any CPU.ActiveCfg = Release|Any CPU
		{99A9E17E-090C-434C-B909-D0C20040FAF8}.Release|Any CPU.Build.0 = Release|Any CPU
	EndGlobalSection
	GlobalSection(SolutionProperties) = preSolution
		HideSolutionNode = FALSE
	EndGlobalSection
	GlobalSection(NestedProjects) = preSolution
		{B866A1DB-9FCF-47CA-A94D-5A52214AECE4} = {38E58438-E016-46FB-B9E4-5D2B88E34957}
	EndGlobalSection
EndGlobal
